
Microsoft Visual Studio Solution File, Format Version 12.00
# Visual Studio Version 17
VisualStudioVersion = 17.3.32929.385
MinimumVisualStudioVersion = 10.0.40219.1
Project("{9A19103F-16F7-4668-BE54-9A1E7A4F7556}") = "NetCoreAPIMySQL", "NetCoreAPIMySQL.csproj", "{5E57DA5B-86CB-46F8-A819-D47C49A6D236}"
EndProject
Project("{FAE04EC0-301F-11D3-BF4B-00C04F79EFBC}") = "NetCoreAPIMySQL.Data", "..\Data\NetCoreAPIMySQL.Data.csproj", "{10DC7CA9-EE1A-4400-A707-17216CDE6FC1}"
EndProject
Project("{FAE04EC0-301F-11D3-BF4B-00C04F79EFBC}") = "NetCoreAPIMySQL.Core", "..\Model\NetCoreAPIMySQL.Core.csproj", "{F379169F-2D63-4FDC-AFB1-B5156BD39073}"
EndProject
Global
	GlobalSection(SolutionConfigurationPlatforms) = preSolution
		Debug|Any CPU = Debug|Any CPU
		Release|Any CPU = Release|Any CPU
	EndGlobalSection
	GlobalSection(ProjectConfigurationPlatforms) = postSolution
		{5E57DA5B-86CB-46F8-A819-D47C49A6D236}.Debug|Any CPU.ActiveCfg = Debug|Any CPU
		{5E57DA5B-86CB-46F8-A819-D47C49A6D236}.Debug|Any CPU.Build.0 = Debug|Any CPU
		{5E57DA5B-86CB-46F8-A819-D47C49A6D236}.Release|Any CPU.ActiveCfg = Release|Any CPU
		{5E57DA5B-86CB-46F8-A819-D47C49A6D236}.Release|Any CPU.Build.0 = Release|Any CPU
		{10DC7CA9-EE1A-4400-A707-17216CDE6FC1}.Debug|Any CPU.ActiveCfg = Debug|Any CPU
		{10DC7CA9-EE1A-4400-A707-17216CDE6FC1}.Debug|Any CPU.Build.0 = Debug|Any CPU
		{10DC7CA9-EE1A-4400-A707-17216CDE6FC1}.Release|Any CPU.ActiveCfg = Release|Any CPU
		{10DC7CA9-EE1A-4400-A707-17216CDE6FC1}.Release|Any CPU.Build.0 = Release|Any CPU
		{F379169F-2D63-4FDC-AFB1-B5156BD39073}.Debug|Any CPU.ActiveCfg = Debug|Any CPU
		{F379169F-2D63-4FDC-AFB1-B5156BD39073}.Debug|Any CPU.Build.0 = Debug|Any CPU
		{F379169F-2D63-4FDC-AFB1-B5156BD39073}.Release|Any CPU.ActiveCfg = Release|Any CPU
		{F379169F-2D63-4FDC-AFB1-B5156BD39073}.Release|Any CPU.Build.0 = Release|Any CPU
	EndGlobalSection
	GlobalSection(SolutionProperties) = preSolution
		HideSolutionNode = FALSE
	EndGlobalSection
	GlobalSection(ExtensibilityGlobals) = postSolution
		SolutionGuid = {5D3A0BEA-64F7-46FD-AA5A-DF39E8BECE04}
	EndGlobalSection
EndGlobal
