
Microsoft Visual Studio Solution File, Format Version 12.00
# Visual Studio Version 17
VisualStudioVersion = 17.3.32929.385
MinimumVisualStudioVersion = 10.0.40219.1
Project("{9A19103F-16F7-4668-BE54-9A1E7A4F7556}") = "Patterns", "Patterns.csproj", "{5D931FA7-467C-47BB-8B88-78F66461C050}"
EndProject
Project("{9A19103F-16F7-4668-BE54-9A1E7A4F7556}") = "Repository.Pattern", "..\Repository.Pattern\Repository.Pattern.csproj", "{3EAA7E6B-F5E7-47CE-954E-86A462F7539F}"
EndProject
Global
	GlobalSection(SolutionConfigurationPlatforms) = preSolution
		Debug|Any CPU = Debug|Any CPU
		Release|Any CPU = Release|Any CPU
	EndGlobalSection
	GlobalSection(ProjectConfigurationPlatforms) = postSolution
		{5D931FA7-467C-47BB-8B88-78F66461C050}.Debug|Any CPU.ActiveCfg = Debug|Any CPU
		{5D931FA7-467C-47BB-8B88-78F66461C050}.Debug|Any CPU.Build.0 = Debug|Any CPU
		{5D931FA7-467C-47BB-8B88-78F66461C050}.Release|Any CPU.ActiveCfg = Release|Any CPU
		{5D931FA7-467C-47BB-8B88-78F66461C050}.Release|Any CPU.Build.0 = Release|Any CPU
		{3EAA7E6B-F5E7-47CE-954E-86A462F7539F}.Debug|Any CPU.ActiveCfg = Debug|Any CPU
		{3EAA7E6B-F5E7-47CE-954E-86A462F7539F}.Debug|Any CPU.Build.0 = Debug|Any CPU
		{3EAA7E6B-F5E7-47CE-954E-86A462F7539F}.Release|Any CPU.ActiveCfg = Release|Any CPU
		{3EAA7E6B-F5E7-47CE-954E-86A462F7539F}.Release|Any CPU.Build.0 = Release|Any CPU
	EndGlobalSection
	GlobalSection(SolutionProperties) = preSolution
		HideSolutionNode = FALSE
	EndGlobalSection
	GlobalSection(ExtensibilityGlobals) = postSolution
		SolutionGuid = {8AF49F80-F73E-4C73-A503-6E0B492557CB}
	EndGlobalSection
EndGlobal
